
Microsoft Visual Studio Solution File, Format Version 12.00
# Visual Studio Version 17
VisualStudioVersion = 17.13.35919.96 d17.13
MinimumVisualStudioVersion = 10.0.40219.1
Project("{FAE04EC0-301F-11D3-BF4B-00C04F79EFBC}") = "Cybersecurity Bot", "Cybersecurity Bot\Cybersecurity Bot.csproj", "{00620DAE-9967-48C9-806F-9D1B4336DFCF}"
EndProject
Global
	GlobalSection(SolutionConfigurationPlatforms) = preSolution
		Debug|Any CPU = Debug|Any CPU
		Release|Any CPU = Release|Any CPU
	EndGlobalSection
	GlobalSection(ProjectConfigurationPlatforms) = postSolution
		{00620DAE-9967-48C9-806F-9D1B4336DFCF}.Debug|Any CPU.ActiveCfg = Debug|Any CPU
		{00620DAE-9967-48C9-806F-9D1B4336DFCF}.Debug|Any CPU.Build.0 = Debug|Any CPU
		{00620DAE-9967-48C9-806F-9D1B4336DFCF}.Release|Any CPU.ActiveCfg = Release|Any CPU
		{00620DAE-9967-48C9-806F-9D1B4336DFCF}.Release|Any CPU.Build.0 = Release|Any CPU
	EndGlobalSection
	GlobalSection(SolutionProperties) = preSolution
		HideSolutionNode = FALSE
	EndGlobalSection
	GlobalSection(ExtensibilityGlobals) = postSolution
		SolutionGuid = {6000A10E-1FCB-4A6C-AC7D-7C18C6A3B0E5}
	EndGlobalSection
EndGlobal
